
Microsoft Visual Studio Solution File, Format Version 12.00
# Visual Studio Version 17
VisualStudioVersion = 17.0.31903.59
MinimumVisualStudioVersion = 10.0.40219.1
Project("{FAE04EC0-301F-11D3-BF4B-00C04F79EFBC}") = "ScannerA", "ScannerA\ScannerA.csproj", "{780E5AB1-0EFD-45A5-9A19-E53675465BFC}"
EndProject
Project("{FAE04EC0-301F-11D3-BF4B-00C04F79EFBC}") = "ScannerB", "ScannerB\ScannerB.csproj", "{9F51FA40-2738-4C03-B561-729B465CBE92}"
EndProject
Project("{FAE04EC0-301F-11D3-BF4B-00C04F79EFBC}") = "Master", "Master\Master.csproj", "{09E78785-4E58-463D-AA3F-745B31F58C41}"
EndProject
Global
	GlobalSection(SolutionConfigurationPlatforms) = preSolution
		Debug|Any CPU = Debug|Any CPU
		Debug|x64 = Debug|x64
		Debug|x86 = Debug|x86
		Release|Any CPU = Release|Any CPU
		Release|x64 = Release|x64
		Release|x86 = Release|x86
	EndGlobalSection
	GlobalSection(ProjectConfigurationPlatforms) = postSolution
		{780E5AB1-0EFD-45A5-9A19-E53675465BFC}.Debug|Any CPU.ActiveCfg = Debug|Any CPU
		{780E5AB1-0EFD-45A5-9A19-E53675465BFC}.Debug|Any CPU.Build.0 = Debug|Any CPU
		{780E5AB1-0EFD-45A5-9A19-E53675465BFC}.Debug|x64.ActiveCfg = Debug|Any CPU
		{780E5AB1-0EFD-45A5-9A19-E53675465BFC}.Debug|x64.Build.0 = Debug|Any CPU
		{780E5AB1-0EFD-45A5-9A19-E53675465BFC}.Debug|x86.ActiveCfg = Debug|Any CPU
		{780E5AB1-0EFD-45A5-9A19-E53675465BFC}.Debug|x86.Build.0 = Debug|Any CPU
		{780E5AB1-0EFD-45A5-9A19-E53675465BFC}.Release|Any CPU.ActiveCfg = Release|Any CPU
		{780E5AB1-0EFD-45A5-9A19-E53675465BFC}.Release|Any CPU.Build.0 = Release|Any CPU
		{780E5AB1-0EFD-45A5-9A19-E53675465BFC}.Release|x64.ActiveCfg = Release|Any CPU
		{780E5AB1-0EFD-45A5-9A19-E53675465BFC}.Release|x64.Build.0 = Release|Any CPU
		{780E5AB1-0EFD-45A5-9A19-E53675465BFC}.Release|x86.ActiveCfg = Release|Any CPU
		{780E5AB1-0EFD-45A5-9A19-E53675465BFC}.Release|x86.Build.0 = Release|Any CPU
		{9F51FA40-2738-4C03-B561-729B465CBE92}.Debug|Any CPU.ActiveCfg = Debug|Any CPU
		{9F51FA40-2738-4C03-B561-729B465CBE92}.Debug|Any CPU.Build.0 = Debug|Any CPU
		{9F51FA40-2738-4C03-B561-729B465CBE92}.Debug|x64.ActiveCfg = Debug|Any CPU
		{9F51FA40-2738-4C03-B561-729B465CBE92}.Debug|x64.Build.0 = Debug|Any CPU
		{9F51FA40-2738-4C03-B561-729B465CBE92}.Debug|x86.ActiveCfg = Debug|Any CPU
		{9F51FA40-2738-4C03-B561-729B465CBE92}.Debug|x86.Build.0 = Debug|Any CPU
		{9F51FA40-2738-4C03-B561-729B465CBE92}.Release|Any CPU.ActiveCfg = Release|Any CPU
		{9F51FA40-2738-4C03-B561-729B465CBE92}.Release|Any CPU.Build.0 = Release|Any CPU
		{9F51FA40-2738-4C03-B561-729B465CBE92}.Release|x64.ActiveCfg = Release|Any CPU
		{9F51FA40-2738-4C03-B561-729B465CBE92}.Release|x64.Build.0 = Release|Any CPU
		{9F51FA40-2738-4C03-B561-729B465CBE92}.Release|x86.ActiveCfg = Release|Any CPU
		{9F51FA40-2738-4C03-B561-729B465CBE92}.Release|x86.Build.0 = Release|Any CPU
		{09E78785-4E58-463D-AA3F-745B31F58C41}.Debug|Any CPU.ActiveCfg = Debug|Any CPU
		{09E78785-4E58-463D-AA3F-745B31F58C41}.Debug|Any CPU.Build.0 = Debug|Any CPU
		{09E78785-4E58-463D-AA3F-745B31F58C41}.Debug|x64.ActiveCfg = Debug|Any CPU
		{09E78785-4E58-463D-AA3F-745B31F58C41}.Debug|x64.Build.0 = Debug|Any CPU
		{09E78785-4E58-463D-AA3F-745B31F58C41}.Debug|x86.ActiveCfg = Debug|Any CPU
		{09E78785-4E58-463D-AA3F-745B31F58C41}.Debug|x86.Build.0 = Debug|Any CPU
		{09E78785-4E58-463D-AA3F-745B31F58C41}.Release|Any CPU.ActiveCfg = Release|Any CPU
		{09E78785-4E58-463D-AA3F-745B31F58C41}.Release|Any CPU.Build.0 = Release|Any CPU
		{09E78785-4E58-463D-AA3F-745B31F58C41}.Release|x64.ActiveCfg = Release|Any CPU
		{09E78785-4E58-463D-AA3F-745B31F58C41}.Release|x64.Build.0 = Release|Any CPU
		{09E78785-4E58-463D-AA3F-745B31F58C41}.Release|x86.ActiveCfg = Release|Any CPU
		{09E78785-4E58-463D-AA3F-745B31F58C41}.Release|x86.Build.0 = Release|Any CPU
	EndGlobalSection
	GlobalSection(SolutionProperties) = preSolution
		HideSolutionNode = FALSE
	EndGlobalSection
EndGlobal
